
Microsoft Visual Studio Solution File, Format Version 12.00
# Visual Studio 15
VisualStudioVersion = 15.0.28307.421
MinimumVisualStudioVersion = 10.0.40219.1
Project("{9A19103F-16F7-4668-BE54-9A1E7A4F7556}") = "JavaScript", "JavaScript\JavaScript.csproj", "{B02F1B9A-F128-4B35-84B4-8191B16EEA6D}"
EndProject
Project("{9A19103F-16F7-4668-BE54-9A1E7A4F7556}") = "17bang", "17bang\17bang.csproj", "{68D549A0-00CF-4608-A693-82762CA0FDA5}"
EndProject
Project("{2150E333-8FDC-42A3-9474-1A3956D46DE8}") = "Sqlserver", "Sqlserver", "{69C29AF6-E41A-4EED-BAA4-E1F499ED6A54}"
	ProjectSection(SolutionItems) = preProject
		SqlServer\SQL4-15.sql = SqlServer\SQL4-15.sql
		SqlServer\SQL4-17.sql = SqlServer\SQL4-17.sql
	EndProjectSection
EndProject
Global
	GlobalSection(SolutionConfigurationPlatforms) = preSolution
		Debug|Any CPU = Debug|Any CPU
		Release|Any CPU = Release|Any CPU
	EndGlobalSection
	GlobalSection(ProjectConfigurationPlatforms) = postSolution
		{B02F1B9A-F128-4B35-84B4-8191B16EEA6D}.Debug|Any CPU.ActiveCfg = Debug|Any CPU
		{B02F1B9A-F128-4B35-84B4-8191B16EEA6D}.Debug|Any CPU.Build.0 = Debug|Any CPU
		{B02F1B9A-F128-4B35-84B4-8191B16EEA6D}.Release|Any CPU.ActiveCfg = Release|Any CPU
		{B02F1B9A-F128-4B35-84B4-8191B16EEA6D}.Release|Any CPU.Build.0 = Release|Any CPU
		{68D549A0-00CF-4608-A693-82762CA0FDA5}.Debug|Any CPU.ActiveCfg = Debug|Any CPU
		{68D549A0-00CF-4608-A693-82762CA0FDA5}.Debug|Any CPU.Build.0 = Debug|Any CPU
		{68D549A0-00CF-4608-A693-82762CA0FDA5}.Release|Any CPU.ActiveCfg = Release|Any CPU
		{68D549A0-00CF-4608-A693-82762CA0FDA5}.Release|Any CPU.Build.0 = Release|Any CPU
	EndGlobalSection
	GlobalSection(SolutionProperties) = preSolution
		HideSolutionNode = FALSE
	EndGlobalSection
	GlobalSection(ExtensibilityGlobals) = postSolution
		SolutionGuid = {FA35633A-6A9D-481C-869A-D2F3D2AFFB19}
	EndGlobalSection
EndGlobal
